{
  "version": 4,
  "terraform_version": "1.9.0",
  "serial": 8,
  "lineage": "3fff56f9-1945-971b-a238-949ed5009ec3",
  "outputs": {},
  "resources": [
    {
      "module": "module.key_vault",
      "mode": "data",
      "type": "azurerm_client_config",
      "name": "current",
      "provider": "provider[\"registry.terraform.io/hashicorp/azurerm\"]",
      "instances": [
        {
          "schema_version": 0,
          "attributes": {
            "client_id": "4252e715-8be7-4d78-bfd7-6ec61a981444",
            "id": "Y2xpZW50Q29uZmlncy9jbGllbnRJZD00MjUyZTcxNS04YmU3LTRkNzgtYmZkNy02ZWM2MWE5ODE0NDQ7b2JqZWN0SWQ9YzAwMTUwMGYtZTI0ZS00Njk5LThiM2UtNGFhYWM3MGVhZGI4O3N1YnNjcmlwdGlvbklkPWZmYzVlNjE3LTdmMmQtNGRkYi04YjU3LTMzZmM0Mzk4OWE4Yzt0ZW5hbnRJZD02ZmRiNTIwMC0zZDBkLTRhOGEtYjAzNi1kMzY4NWUzNTlhZGM=",
            "object_id": "c001500f-e24e-4699-8b3e-4aaac70eadb8",
            "subscription_id": "ffc5e617-7f2d-4ddb-8b57-33fc43989a8c",
            "tenant_id": "6fdb5200-3d0d-4a8a-b036-d3685e359adc",
            "timeouts": null
          },
          "sensitive_attributes": []
        }
      ]
    },
    {
      "module": "module.key_vault",
      "mode": "managed",
      "type": "azurerm_key_vault",
      "name": "kv",
      "provider": "provider[\"registry.terraform.io/hashicorp/azurerm\"]",
      "instances": [
        {
          "schema_version": 2,
          "attributes": {
            "access_policy": [],
            "contact": [],
            "enable_rbac_authorization": true,
            "enabled_for_deployment": false,
            "enabled_for_disk_encryption": false,
            "enabled_for_template_deployment": false,
            "id": "/subscriptions/ffc5e617-7f2d-4ddb-8b57-33fc43989a8c/resourceGroups/nrfabric-rg1/providers/Microsoft.KeyVault/vaults/nr-fabric-tools02",
            "location": "canadacentral",
            "name": "nr-fabric-tools02",
            "network_acls": [
              {
                "bypass": "AzureServices",
                "default_action": "Allow",
                "ip_rules": [],
                "virtual_network_subnet_ids": []
              }
            ],
            "public_network_access_enabled": false,
            "purge_protection_enabled": true,
            "rbac_authorization_enabled": true,
            "resource_group_name": "nrfabric-rg1",
            "sku_name": "standard",
            "soft_delete_retention_days": 7,
            "tags": {
              "application_environment": "dev",
              "client_code": "",
              "deployment_automation": "Terraform",
              "deployment_automation_version": "v0.1",
              "expense_authority": "",
              "information_security_classification": "protected_e",
              "ministry_name_prefix": "citz",
              "program_area": "permitting",
              "project_number": "",
              "responsibility_centre": "",
              "service_line": ""
            },
            "tenant_id": "6fdb5200-3d0d-4a8a-b036-d3685e359adc",
            "timeouts": null,
            "vault_uri": "https://nr-fabric-tools02.vault.azure.net/"
          },
          "sensitive_attributes": [],
          "private": "eyJlMmJmYjczMC1lY2FhLTExZTYtOGY4OC0zNDM2M2JjN2M0YzAiOnsiY3JlYXRlIjoxODAwMDAwMDAwMDAwLCJkZWxldGUiOjE4MDAwMDAwMDAwMDAsInJlYWQiOjMwMDAwMDAwMDAwMCwidXBkYXRlIjoxODAwMDAwMDAwMDAwfSwic2NoZW1hX3ZlcnNpb24iOiIyIn0=",
          "dependencies": [
            "module.key_vault.data.azurerm_client_config.current"
          ]
        }
      ]
    },
    {
      "module": "module.key_vault03",
      "mode": "data",
      "type": "azurerm_client_config",
      "name": "current",
      "provider": "provider[\"registry.terraform.io/hashicorp/azurerm\"]",
      "instances": [
        {
          "schema_version": 0,
          "attributes": {
            "client_id": "4252e715-8be7-4d78-bfd7-6ec61a981444",
            "id": "Y2xpZW50Q29uZmlncy9jbGllbnRJZD00MjUyZTcxNS04YmU3LTRkNzgtYmZkNy02ZWM2MWE5ODE0NDQ7b2JqZWN0SWQ9YzAwMTUwMGYtZTI0ZS00Njk5LThiM2UtNGFhYWM3MGVhZGI4O3N1YnNjcmlwdGlvbklkPWZmYzVlNjE3LTdmMmQtNGRkYi04YjU3LTMzZmM0Mzk4OWE4Yzt0ZW5hbnRJZD02ZmRiNTIwMC0zZDBkLTRhOGEtYjAzNi1kMzY4NWUzNTlhZGM=",
            "object_id": "c001500f-e24e-4699-8b3e-4aaac70eadb8",
            "subscription_id": "ffc5e617-7f2d-4ddb-8b57-33fc43989a8c",
            "tenant_id": "6fdb5200-3d0d-4a8a-b036-d3685e359adc",
            "timeouts": null
          },
          "sensitive_attributes": []
        }
      ]
    },
    {
      "module": "module.key_vault03",
      "mode": "managed",
      "type": "azurerm_key_vault",
      "name": "kv",
      "provider": "provider[\"registry.terraform.io/hashicorp/azurerm\"]",
      "instances": [
        {
          "schema_version": 2,
          "attributes": {
            "access_policy": [],
            "contact": [],
            "enable_rbac_authorization": true,
            "enabled_for_deployment": false,
            "enabled_for_disk_encryption": false,
            "enabled_for_template_deployment": false,
            "id": "/subscriptions/ffc5e617-7f2d-4ddb-8b57-33fc43989a8c/resourceGroups/nrfabric-rg1/providers/Microsoft.KeyVault/vaults/nr-fabric-tools03",
            "location": "canadacentral",
            "name": "nr-fabric-tools03",
            "network_acls": [
              {
                "bypass": "AzureServices",
                "default_action": "Allow",
                "ip_rules": [],
                "virtual_network_subnet_ids": []
              }
            ],
            "public_network_access_enabled": false,
            "purge_protection_enabled": true,
            "rbac_authorization_enabled": true,
            "resource_group_name": "nrfabric-rg1",
            "sku_name": "standard",
            "soft_delete_retention_days": 7,
            "tags": {
              "application_environment": "dev",
              "client_code": "",
              "deployment_automation": "Terraform",
              "deployment_automation_version": "v0.1",
              "expense_authority": "",
              "information_security_classification": "protected_e",
              "ministry_name_prefix": "citz",
              "program_area": "permitting",
              "project_number": "",
              "responsibility_centre": "",
              "service_line": ""
            },
            "tenant_id": "6fdb5200-3d0d-4a8a-b036-d3685e359adc",
            "timeouts": null,
            "vault_uri": "https://nr-fabric-tools03.vault.azure.net/"
          },
          "sensitive_attributes": [],
          "private": "eyJlMmJmYjczMC1lY2FhLTExZTYtOGY4OC0zNDM2M2JjN2M0YzAiOnsiY3JlYXRlIjoxODAwMDAwMDAwMDAwLCJkZWxldGUiOjE4MDAwMDAwMDAwMDAsInJlYWQiOjMwMDAwMDAwMDAwMCwidXBkYXRlIjoxODAwMDAwMDAwMDAwfSwic2NoZW1hX3ZlcnNpb24iOiIyIn0=",
          "dependencies": [
            "module.key_vault03.data.azurerm_client_config.current"
          ]
        }
      ]
    }
  ],
  "check_results": null
}
